
Microsoft Visual Studio Solution File, Format Version 12.00
# Visual Studio Version 16
VisualStudioVersion = 16.0.30517.126
MinimumVisualStudioVersion = 10.0.40219.1
Project("{FAE04EC0-301F-11D3-BF4B-00C04F79EFBC}") = "ServerCodeMtk-P2-045", "ServerCodeMtk-P2-045\ServerCodeMtk-P2-045.csproj", "{FEEED0D6-8691-4CD7-A455-DD9ADC52D39F}"
EndProject
Global
	GlobalSection(SolutionConfigurationPlatforms) = preSolution
		Debug|Any CPU = Debug|Any CPU
		Release|Any CPU = Release|Any CPU
	EndGlobalSection
	GlobalSection(ProjectConfigurationPlatforms) = postSolution
		{FEEED0D6-8691-4CD7-A455-DD9ADC52D39F}.Debug|Any CPU.ActiveCfg = Debug|Any CPU
		{FEEED0D6-8691-4CD7-A455-DD9ADC52D39F}.Debug|Any CPU.Build.0 = Debug|Any CPU
		{FEEED0D6-8691-4CD7-A455-DD9ADC52D39F}.Release|Any CPU.ActiveCfg = Release|Any CPU
		{FEEED0D6-8691-4CD7-A455-DD9ADC52D39F}.Release|Any CPU.Build.0 = Release|Any CPU
	EndGlobalSection
	GlobalSection(SolutionProperties) = preSolution
		HideSolutionNode = FALSE
	EndGlobalSection
	GlobalSection(ExtensibilityGlobals) = postSolution
		SolutionGuid = {643B9E07-28B0-4E74-AF75-271CC995E37B}
	EndGlobalSection
EndGlobal
